// !$*UTF8*$!
{
	archiveVersion = 1;
	classes = {
	};
	objectVersion = 50;
	objects = {

/* Begin PBXBuildFile section */
		34C1EFD325ABC43F00BD6C63 /* Tests_iOS.swift in Sources */ = {isa = PBXBuildFile; fileRef = 34C1EFD225ABC43F00BD6C63 /* Tests_iOS.swift */; };
		34C1EFDE25ABC43F00BD6C63 /* Tests_macOS.swift in Sources */ = {isa = PBXBuildFile; fileRef = 34C1EFDD25ABC43F00BD6C63 /* Tests_macOS.swift */; };
		34C1EFE025ABC43F00BD6C63 /* FountainSwiftApp.swift in Sources */ = {isa = PBXBuildFile; fileRef = 34C1EFB725ABC43C00BD6C63 /* FountainSwiftApp.swift */; };
		34C1EFE125ABC43F00BD6C63 /* FountainSwiftApp.swift in Sources */ = {isa = PBXBuildFile; fileRef = 34C1EFB725ABC43C00BD6C63 /* FountainSwiftApp.swift */; };
		34C1EFE225ABC43F00BD6C63 /* ContentView.swift in Sources */ = {isa = PBXBuildFile; fileRef = 34C1EFB825ABC43C00BD6C63 /* ContentView.swift */; };
		34C1EFE325ABC43F00BD6C63 /* ContentView.swift in Sources */ = {isa = PBXBuildFile; fileRef = 34C1EFB825ABC43C00BD6C63 /* ContentView.swift */; };
		34C1EFE425ABC43F00BD6C63 /* Assets.xcassets in Resources */ = {isa = PBXBuildFile; fileRef = 34C1EFB925ABC43F00BD6C63 /* Assets.xcassets */; };
		34C1EFE525ABC43F00BD6C63 /* Assets.xcassets in Resources */ = {isa = PBXBuildFile; fileRef = 34C1EFB925ABC43F00BD6C63 /* Assets.xcassets */; };
		34C1F00225ABC5DE00BD6C63 /* FNScript.swift in Sources */ = {isa = PBXBuildFile; fileRef = 34C1F00125ABC5DE00BD6C63 /* FNScript.swift */; };
		34C1F00B25ABC5E200BD6C63 /* FNScript.swift in Sources */ = {isa = PBXBuildFile; fileRef = 34C1F00125ABC5DE00BD6C63 /* FNScript.swift */; };
		34C1F01225ABC64600BD6C63 /* BigFishTests.swift in Sources */ = {isa = PBXBuildFile; fileRef = 34C1F01125ABC64600BD6C63 /* BigFishTests.swift */; };
		34C1F01325ABC64600BD6C63 /* BigFishTests.swift in Sources */ = {isa = PBXBuildFile; fileRef = 34C1F01125ABC64600BD6C63 /* BigFishTests.swift */; };
		34C1F01E25ABC67700BD6C63 /* Big Fish.fountain in Resources */ = {isa = PBXBuildFile; fileRef = 34C1F01D25ABC67700BD6C63 /* Big Fish.fountain */; };
		34C1F01F25ABC67700BD6C63 /* Big Fish.fountain in Resources */ = {isa = PBXBuildFile; fileRef = 34C1F01D25ABC67700BD6C63 /* Big Fish.fountain */; };
		34C1F02825ABC6DC00BD6C63 /* FNScript.swift in Sources */ = {isa = PBXBuildFile; fileRef = 34C1F00125ABC5DE00BD6C63 /* FNScript.swift */; };
		34C1F02D25ABC6DC00BD6C63 /* FNScript.swift in Sources */ = {isa = PBXBuildFile; fileRef = 34C1F00125ABC5DE00BD6C63 /* FNScript.swift */; };
		34C1F03325ABC81800BD6C63 /* FNElement.swift in Sources */ = {isa = PBXBuildFile; fileRef = 34C1F03225ABC81800BD6C63 /* FNElement.swift */; };
		34C1F03425ABC81800BD6C63 /* FNElement.swift in Sources */ = {isa = PBXBuildFile; fileRef = 34C1F03225ABC81800BD6C63 /* FNElement.swift */; };
		34C1F03525ABC81800BD6C63 /* FNElement.swift in Sources */ = {isa = PBXBuildFile; fileRef = 34C1F03225ABC81800BD6C63 /* FNElement.swift */; };
		34C1F03F25ABC81F00BD6C63 /* FNElement.swift in Sources */ = {isa = PBXBuildFile; fileRef = 34C1F03225ABC81800BD6C63 /* FNElement.swift */; };
		34C1F04525ABC9FD00BD6C63 /* FastFountainParser.swift in Sources */ = {isa = PBXBuildFile; fileRef = 34C1F04425ABC9FD00BD6C63 /* FastFountainParser.swift */; };
		34C1F04625ABC9FD00BD6C63 /* FastFountainParser.swift in Sources */ = {isa = PBXBuildFile; fileRef = 34C1F04425ABC9FD00BD6C63 /* FastFountainParser.swift */; };
		34C1F04725ABC9FD00BD6C63 /* FastFountainParser.swift in Sources */ = {isa = PBXBuildFile; fileRef = 34C1F04425ABC9FD00BD6C63 /* FastFountainParser.swift */; };
		34C1F04825ABC9FD00BD6C63 /* FastFountainParser.swift in Sources */ = {isa = PBXBuildFile; fileRef = 34C1F04425ABC9FD00BD6C63 /* FastFountainParser.swift */; };
		34C1F04E25AC72B900BD6C63 /* Regex.swift in Sources */ = {isa = PBXBuildFile; fileRef = 34C1F04D25AC72B900BD6C63 /* Regex.swift */; };
		34C1F04F25AC72B900BD6C63 /* Regex.swift in Sources */ = {isa = PBXBuildFile; fileRef = 34C1F04D25AC72B900BD6C63 /* Regex.swift */; };
		34C1F05025AC72B900BD6C63 /* Regex.swift in Sources */ = {isa = PBXBuildFile; fileRef = 34C1F04D25AC72B900BD6C63 /* Regex.swift */; };
		34C1F05125AC72B900BD6C63 /* Regex.swift in Sources */ = {isa = PBXBuildFile; fileRef = 34C1F04D25AC72B900BD6C63 /* Regex.swift */; };
		34C1F05925AC7ED800BD6C63 /* BrickAndSteelTests.swift in Sources */ = {isa = PBXBuildFile; fileRef = 34C1F05625AC7ED800BD6C63 /* BrickAndSteelTests.swift */; };
		34C1F05A25AC7ED800BD6C63 /* BrickAndSteelTests.swift in Sources */ = {isa = PBXBuildFile; fileRef = 34C1F05625AC7ED800BD6C63 /* BrickAndSteelTests.swift */; };
		34C1F06825AC820200BD6C63 /* Brick And Steel.txt in Resources */ = {isa = PBXBuildFile; fileRef = 34C1F06725AC820200BD6C63 /* Brick And Steel.txt */; };
		34C1F06925AC820200BD6C63 /* Brick And Steel.txt in Resources */ = {isa = PBXBuildFile; fileRef = 34C1F06725AC820200BD6C63 /* Brick And Steel.txt */; };
		34C1F06A25AC820200BD6C63 /* Brick And Steel.txt in Resources */ = {isa = PBXBuildFile; fileRef = 34C1F06725AC820200BD6C63 /* Brick And Steel.txt */; };
		34C1F06B25AC820200BD6C63 /* Brick And Steel.txt in Resources */ = {isa = PBXBuildFile; fileRef = 34C1F06725AC820200BD6C63 /* Brick And Steel.txt */; };
		34C1F07725AC9A8E00BD6C63 /* MultilineActionTests.swift in Sources */ = {isa = PBXBuildFile; fileRef = 34C1F07625AC9A8E00BD6C63 /* MultilineActionTests.swift */; };
		34C1F07825AC9A8E00BD6C63 /* MultilineActionTests.swift in Sources */ = {isa = PBXBuildFile; fileRef = 34C1F07625AC9A8E00BD6C63 /* MultilineActionTests.swift */; };
		34C1F08225AC9AFB00BD6C63 /* BaseElementTests.swift in Sources */ = {isa = PBXBuildFile; fileRef = 34C1F08125AC9AFB00BD6C63 /* BaseElementTests.swift */; };
		34C1F08325AC9AFB00BD6C63 /* BaseElementTests.swift in Sources */ = {isa = PBXBuildFile; fileRef = 34C1F08125AC9AFB00BD6C63 /* BaseElementTests.swift */; };
		34C1F08E25AC9E4D00BD6C63 /* MultilineAction.fountain in Resources */ = {isa = PBXBuildFile; fileRef = 34C1F08D25AC9E4D00BD6C63 /* MultilineAction.fountain */; };
		34C1F08F25AC9E4D00BD6C63 /* MultilineAction.fountain in Resources */ = {isa = PBXBuildFile; fileRef = 34C1F08D25AC9E4D00BD6C63 /* MultilineAction.fountain */; };
		34C1F0A625AC9EA400BD6C63 /* SectionHeaders.fountain in Resources */ = {isa = PBXBuildFile; fileRef = 34C1F09825AC9EA300BD6C63 /* SectionHeaders.fountain */; };
		34C1F0A725AC9EA400BD6C63 /* SectionHeaders.fountain in Resources */ = {isa = PBXBuildFile; fileRef = 34C1F09825AC9EA300BD6C63 /* SectionHeaders.fountain */; };
		34C1F0A825AC9EA400BD6C63 /* Transitions.fountain in Resources */ = {isa = PBXBuildFile; fileRef = 34C1F09925AC9EA300BD6C63 /* Transitions.fountain */; };
		34C1F0A925AC9EA400BD6C63 /* Transitions.fountain in Resources */ = {isa = PBXBuildFile; fileRef = 34C1F09925AC9EA300BD6C63 /* Transitions.fountain */; };
		34C1F0AA25AC9EA400BD6C63 /* PageBreaks.fountain in Resources */ = {isa = PBXBuildFile; fileRef = 34C1F09A25AC9EA300BD6C63 /* PageBreaks.fountain */; };
		34C1F0AB25AC9EA400BD6C63 /* PageBreaks.fountain in Resources */ = {isa = PBXBuildFile; fileRef = 34C1F09A25AC9EA300BD6C63 /* PageBreaks.fountain */; };
		34C1F0AC25AC9EA400BD6C63 /* Notes.fountain in Resources */ = {isa = PBXBuildFile; fileRef = 34C1F09B25AC9EA300BD6C63 /* Notes.fountain */; };
		34C1F0AD25AC9EA400BD6C63 /* Notes.fountain in Resources */ = {isa = PBXBuildFile; fileRef = 34C1F09B25AC9EA300BD6C63 /* Notes.fountain */; };
		34C1F0AE25AC9EA400BD6C63 /* ForcedElements.fountain in Resources */ = {isa = PBXBuildFile; fileRef = 34C1F09C25AC9EA300BD6C63 /* ForcedElements.fountain */; };
		34C1F0AF25AC9EA400BD6C63 /* ForcedElements.fountain in Resources */ = {isa = PBXBuildFile; fileRef = 34C1F09C25AC9EA300BD6C63 /* ForcedElements.fountain */; };
		34C1F0B025AC9EA400BD6C63 /* CenteredText.fountain in Resources */ = {isa = PBXBuildFile; fileRef = 34C1F09D25AC9EA300BD6C63 /* CenteredText.fountain */; };
		34C1F0B125AC9EA400BD6C63 /* CenteredText.fountain in Resources */ = {isa = PBXBuildFile; fileRef = 34C1F09D25AC9EA300BD6C63 /* CenteredText.fountain */; };
		34C1F0B225AC9EA400BD6C63 /* Boneyard.fountain in Resources */ = {isa = PBXBuildFile; fileRef = 34C1F09E25AC9EA300BD6C63 /* Boneyard.fountain */; };
		34C1F0B325AC9EA400BD6C63 /* Boneyard.fountain in Resources */ = {isa = PBXBuildFile; fileRef = 34C1F09E25AC9EA300BD6C63 /* Boneyard.fountain */; };
		34C1F0B425AC9EA400BD6C63 /* Synopses.fountain in Resources */ = {isa = PBXBuildFile; fileRef = 34C1F09F25AC9EA300BD6C63 /* Synopses.fountain */; };
		34C1F0B525AC9EA400BD6C63 /* Synopses.fountain in Resources */ = {isa = PBXBuildFile; fileRef = 34C1F09F25AC9EA300BD6C63 /* Synopses.fountain */; };
		34C1F0B625AC9EA400BD6C63 /* Dialogue.fountain in Resources */ = {isa = PBXBuildFile; fileRef = 34C1F0A025AC9EA400BD6C63 /* Dialogue.fountain */; };
		34C1F0B725AC9EA400BD6C63 /* Dialogue.fountain in Resources */ = {isa = PBXBuildFile; fileRef = 34C1F0A025AC9EA400BD6C63 /* Dialogue.fountain */; };
		34C1F0BA25AC9EA400BD6C63 /* DualDialogue.fountain in Resources */ = {isa = PBXBuildFile; fileRef = 34C1F0A225AC9EA400BD6C63 /* DualDialogue.fountain */; };
		34C1F0BB25AC9EA400BD6C63 /* DualDialogue.fountain in Resources */ = {isa = PBXBuildFile; fileRef = 34C1F0A225AC9EA400BD6C63 /* DualDialogue.fountain */; };
		34C1F0BC25AC9EA400BD6C63 /* SceneNumbers.fountain in Resources */ = {isa = PBXBuildFile; fileRef = 34C1F0A325AC9EA400BD6C63 /* SceneNumbers.fountain */; };
		34C1F0BD25AC9EA400BD6C63 /* SceneNumbers.fountain in Resources */ = {isa = PBXBuildFile; fileRef = 34C1F0A325AC9EA400BD6C63 /* SceneNumbers.fountain */; };
		34C1F0BE25AC9EA400BD6C63 /* SceneHeaders.fountain in Resources */ = {isa = PBXBuildFile; fileRef = 34C1F0A425AC9EA400BD6C63 /* SceneHeaders.fountain */; };
		34C1F0BF25AC9EA400BD6C63 /* SceneHeaders.fountain in Resources */ = {isa = PBXBuildFile; fileRef = 34C1F0A425AC9EA400BD6C63 /* SceneHeaders.fountain */; };
		34C1F0C025AC9EA400BD6C63 /* Indenting.fountain in Resources */ = {isa = PBXBuildFile; fileRef = 34C1F0A525AC9EA400BD6C63 /* Indenting.fountain */; };
		34C1F0C125AC9EA400BD6C63 /* Indenting.fountain in Resources */ = {isa = PBXBuildFile; fileRef = 34C1F0A525AC9EA400BD6C63 /* Indenting.fountain */; };
		34C1F0D325AC9F8A00BD6C63 /* SceneHeaderTests.swift in Sources */ = {isa = PBXBuildFile; fileRef = 34C1F0D225AC9F8A00BD6C63 /* SceneHeaderTests.swift */; };
		34C1F0D425AC9F8A00BD6C63 /* SceneHeaderTests.swift in Sources */ = {isa = PBXBuildFile; fileRef = 34C1F0D225AC9F8A00BD6C63 /* SceneHeaderTests.swift */; };
		34C1F0E925ACA62100BD6C63 /* CenteredTests.swift in Sources */ = {isa = PBXBuildFile; fileRef = 34C1F0DD25ACA62000BD6C63 /* CenteredTests.swift */; };
		34C1F0EA25ACA62100BD6C63 /* CenteredTests.swift in Sources */ = {isa = PBXBuildFile; fileRef = 34C1F0DD25ACA62000BD6C63 /* CenteredTests.swift */; };
		34C1F0EB25ACA62100BD6C63 /* NoteTests.swift in Sources */ = {isa = PBXBuildFile; fileRef = 34C1F0DE25ACA62000BD6C63 /* NoteTests.swift */; };
		34C1F0EC25ACA62100BD6C63 /* NoteTests.swift in Sources */ = {isa = PBXBuildFile; fileRef = 34C1F0DE25ACA62000BD6C63 /* NoteTests.swift */; };
		34C1F0ED25ACA62100BD6C63 /* SectionAndSynopsisTests.swift in Sources */ = {isa = PBXBuildFile; fileRef = 34C1F0DF25ACA62000BD6C63 /* SectionAndSynopsisTests.swift */; };
		34C1F0EE25ACA62100BD6C63 /* SectionAndSynopsisTests.swift in Sources */ = {isa = PBXBuildFile; fileRef = 34C1F0DF25ACA62000BD6C63 /* SectionAndSynopsisTests.swift */; };
		34C1F0EF25ACA62100BD6C63 /* SynopsisTests.swift in Sources */ = {isa = PBXBuildFile; fileRef = 34C1F0E025ACA62100BD6C63 /* SynopsisTests.swift */; };
		34C1F0F025ACA62100BD6C63 /* SynopsisTests.swift in Sources */ = {isa = PBXBuildFile; fileRef = 34C1F0E025ACA62100BD6C63 /* SynopsisTests.swift */; };
		34C1F0F125ACA62100BD6C63 /* SceneNumberTests.swift in Sources */ = {isa = PBXBuildFile; fileRef = 34C1F0E125ACA62100BD6C63 /* SceneNumberTests.swift */; };
		34C1F0F225ACA62100BD6C63 /* SceneNumberTests.swift in Sources */ = {isa = PBXBuildFile; fileRef = 34C1F0E125ACA62100BD6C63 /* SceneNumberTests.swift */; };
		34C1F0F325ACA62100BD6C63 /* IndentingTests.swift in Sources */ = {isa = PBXBuildFile; fileRef = 34C1F0E225ACA62100BD6C63 /* IndentingTests.swift */; };
		34C1F0F425ACA62100BD6C63 /* IndentingTests.swift in Sources */ = {isa = PBXBuildFile; fileRef = 34C1F0E225ACA62100BD6C63 /* IndentingTests.swift */; };
		34C1F0F525ACA62100BD6C63 /* DialogueTests.swift in Sources */ = {isa = PBXBuildFile; fileRef = 34C1F0E325ACA62100BD6C63 /* DialogueTests.swift */; };
		34C1F0F625ACA62100BD6C63 /* DialogueTests.swift in Sources */ = {isa = PBXBuildFile; fileRef = 34C1F0E325ACA62100BD6C63 /* DialogueTests.swift */; };
		34C1F0F725ACA62100BD6C63 /* BoneyardTests.swift in Sources */ = {isa = PBXBuildFile; fileRef = 34C1F0E425ACA62100BD6C63 /* BoneyardTests.swift */; };
		34C1F0F825ACA62100BD6C63 /* BoneyardTests.swift in Sources */ = {isa = PBXBuildFile; fileRef = 34C1F0E425ACA62100BD6C63 /* BoneyardTests.swift */; };
		34C1F0F925ACA62100BD6C63 /* SectionHeaderTests.swift in Sources */ = {isa = PBXBuildFile; fileRef = 34C1F0E525ACA62100BD6C63 /* SectionHeaderTests.swift */; };
		34C1F0FA25ACA62100BD6C63 /* SectionHeaderTests.swift in Sources */ = {isa = PBXBuildFile; fileRef = 34C1F0E525ACA62100BD6C63 /* SectionHeaderTests.swift */; };
		34C1F0FB25ACA62100BD6C63 /* TransitionTests.swift in Sources */ = {isa = PBXBuildFile; fileRef = 34C1F0E625ACA62100BD6C63 /* TransitionTests.swift */; };
		34C1F0FC25ACA62100BD6C63 /* TransitionTests.swift in Sources */ = {isa = PBXBuildFile; fileRef = 34C1F0E625ACA62100BD6C63 /* TransitionTests.swift */; };
		34C1F0FD25ACA62100BD6C63 /* ForcedElementTests.swift in Sources */ = {isa = PBXBuildFile; fileRef = 34C1F0E725ACA62100BD6C63 /* ForcedElementTests.swift */; };
		34C1F0FE25ACA62100BD6C63 /* ForcedElementTests.swift in Sources */ = {isa = PBXBuildFile; fileRef = 34C1F0E725ACA62100BD6C63 /* ForcedElementTests.swift */; };
		34C1F0FF25ACA62100BD6C63 /* PageBreakTests.swift in Sources */ = {isa = PBXBuildFile; fileRef = 34C1F0E825ACA62100BD6C63 /* PageBreakTests.swift */; };
		34C1F10025ACA62100BD6C63 /* PageBreakTests.swift in Sources */ = {isa = PBXBuildFile; fileRef = 34C1F0E825ACA62100BD6C63 /* PageBreakTests.swift */; };
		34C1F13B25ACAFEF00BD6C63 /* Sections-Complex.fountain in Resources */ = {isa = PBXBuildFile; fileRef = 34C1F13925ACAFEF00BD6C63 /* Sections-Complex.fountain */; };
		34C1F13C25ACAFEF00BD6C63 /* Sections-Complex.fountain in Resources */ = {isa = PBXBuildFile; fileRef = 34C1F13925ACAFEF00BD6C63 /* Sections-Complex.fountain */; };
		34C1F13D25ACAFEF00BD6C63 /* Simple.fountain in Resources */ = {isa = PBXBuildFile; fileRef = 34C1F13A25ACAFEF00BD6C63 /* Simple.fountain */; };
		34C1F13E25ACAFEF00BD6C63 /* Simple.fountain in Resources */ = {isa = PBXBuildFile; fileRef = 34C1F13A25ACAFEF00BD6C63 /* Simple.fountain */; };
/* End PBXBuildFile section */

/* Begin PBXContainerItemProxy section */
		34C1EFCF25ABC43F00BD6C63 /* PBXContainerItemProxy */ = {
			isa = PBXContainerItemProxy;
			containerPortal = 34C1EFB225ABC43C00BD6C63 /* Project object */;
			proxyType = 1;
			remoteGlobalIDString = 34C1EFBD25ABC43F00BD6C63;
			remoteInfo = "FountainSwift (iOS)";
		};
		34C1EFDA25ABC43F00BD6C63 /* PBXContainerItemProxy */ = {
			isa = PBXContainerItemProxy;
			containerPortal = 34C1EFB225ABC43C00BD6C63 /* Project object */;
			proxyType = 1;
			remoteGlobalIDString = 34C1EFC525ABC43F00BD6C63;
			remoteInfo = "FountainSwift (macOS)";
		};
/* End PBXContainerItemProxy section */

/* Begin PBXFileReference section */
		34C1EFB725ABC43C00BD6C63 /* FountainSwiftApp.swift */ = {isa = PBXFileReference; lastKnownFileType = sourcecode.swift; path = FountainSwiftApp.swift; sourceTree = "<group>"; };
		34C1EFB825ABC43C00BD6C63 /* ContentView.swift */ = {isa = PBXFileReference; lastKnownFileType = sourcecode.swift; path = ContentView.swift; sourceTree = "<group>"; };
		34C1EFB925ABC43F00BD6C63 /* Assets.xcassets */ = {isa = PBXFileReference; lastKnownFileType = folder.assetcatalog; path = Assets.xcassets; sourceTree = "<group>"; };
		34C1EFBE25ABC43F00BD6C63 /* FountainSwift.app */ = {isa = PBXFileReference; explicitFileType = wrapper.application; includeInIndex = 0; path = FountainSwift.app; sourceTree = BUILT_PRODUCTS_DIR; };
		34C1EFC125ABC43F00BD6C63 /* Info.plist */ = {isa = PBXFileReference; lastKnownFileType = text.plist.xml; path = Info.plist; sourceTree = "<group>"; };
		34C1EFC625ABC43F00BD6C63 /* FountainSwift.app */ = {isa = PBXFileReference; explicitFileType = wrapper.application; includeInIndex = 0; path = FountainSwift.app; sourceTree = BUILT_PRODUCTS_DIR; };
		34C1EFC825ABC43F00BD6C63 /* Info.plist */ = {isa = PBXFileReference; lastKnownFileType = text.plist.xml; path = Info.plist; sourceTree = "<group>"; };
		34C1EFC925ABC43F00BD6C63 /* macOS.entitlements */ = {isa = PBXFileReference; lastKnownFileType = text.plist.entitlements; path = macOS.entitlements; sourceTree = "<group>"; };
		34C1EFCE25ABC43F00BD6C63 /* Tests iOS.xctest */ = {isa = PBXFileReference; explicitFileType = wrapper.cfbundle; includeInIndex = 0; path = "Tests iOS.xctest"; sourceTree = BUILT_PRODUCTS_DIR; };
		34C1EFD225ABC43F00BD6C63 /* Tests_iOS.swift */ = {isa = PBXFileReference; lastKnownFileType = sourcecode.swift; path = Tests_iOS.swift; sourceTree = "<group>"; };
		34C1EFD425ABC43F00BD6C63 /* Info.plist */ = {isa = PBXFileReference; lastKnownFileType = text.plist.xml; path = Info.plist; sourceTree = "<group>"; };
		34C1EFD925ABC43F00BD6C63 /* Tests macOS.xctest */ = {isa = PBXFileReference; explicitFileType = wrapper.cfbundle; includeInIndex = 0; path = "Tests macOS.xctest"; sourceTree = BUILT_PRODUCTS_DIR; };
		34C1EFDD25ABC43F00BD6C63 /* Tests_macOS.swift */ = {isa = PBXFileReference; lastKnownFileType = sourcecode.swift; path = Tests_macOS.swift; sourceTree = "<group>"; };
		34C1EFDF25ABC43F00BD6C63 /* Info.plist */ = {isa = PBXFileReference; lastKnownFileType = text.plist.xml; path = Info.plist; sourceTree = "<group>"; };
		34C1EFF925ABC52D00BD6C63 /* Package.swift */ = {isa = PBXFileReference; lastKnownFileType = sourcecode.swift; path = Package.swift; sourceTree = "<group>"; };
		34C1EFFA25ABC53800BD6C63 /* README.md */ = {isa = PBXFileReference; lastKnownFileType = net.daringfireball.markdown; path = README.md; sourceTree = "<group>"; };
		34C1EFFB25ABC56900BD6C63 /* LICENSE */ = {isa = PBXFileReference; lastKnownFileType = text; path = LICENSE; sourceTree = "<group>"; };
		34C1F00125ABC5DE00BD6C63 /* FNScript.swift */ = {isa = PBXFileReference; lastKnownFileType = sourcecode.swift; path = FNScript.swift; sourceTree = "<group>"; };
		34C1F01125ABC64600BD6C63 /* BigFishTests.swift */ = {isa = PBXFileReference; lastKnownFileType = sourcecode.swift; path = BigFishTests.swift; sourceTree = "<group>"; };
		34C1F01D25ABC67700BD6C63 /* Big Fish.fountain */ = {isa = PBXFileReference; lastKnownFileType = text; path = "Big Fish.fountain"; sourceTree = "<group>"; };
		34C1F03225ABC81800BD6C63 /* FNElement.swift */ = {isa = PBXFileReference; lastKnownFileType = sourcecode.swift; path = FNElement.swift; sourceTree = "<group>"; };
		34C1F04425ABC9FD00BD6C63 /* FastFountainParser.swift */ = {isa = PBXFileReference; lastKnownFileType = sourcecode.swift; path = FastFountainParser.swift; sourceTree = "<group>"; };
		34C1F04D25AC72B900BD6C63 /* Regex.swift */ = {isa = PBXFileReference; lastKnownFileType = sourcecode.swift; path = Regex.swift; sourceTree = "<group>"; };
		34C1F05625AC7ED800BD6C63 /* BrickAndSteelTests.swift */ = {isa = PBXFileReference; lastKnownFileType = sourcecode.swift; path = BrickAndSteelTests.swift; sourceTree = "<group>"; };
		34C1F06725AC820200BD6C63 /* Brick And Steel.txt */ = {isa = PBXFileReference; fileEncoding = 4; lastKnownFileType = text; path = "Brick And Steel.txt"; sourceTree = "<group>"; };
		34C1F07625AC9A8E00BD6C63 /* MultilineActionTests.swift */ = {isa = PBXFileReference; lastKnownFileType = sourcecode.swift; path = MultilineActionTests.swift; sourceTree = "<group>"; };
		34C1F08125AC9AFB00BD6C63 /* BaseElementTests.swift */ = {isa = PBXFileReference; lastKnownFileType = sourcecode.swift; path = BaseElementTests.swift; sourceTree = "<group>"; };
		34C1F08D25AC9E4D00BD6C63 /* MultilineAction.fountain */ = {isa = PBXFileReference; fileEncoding = 4; lastKnownFileType = text; path = MultilineAction.fountain; sourceTree = "<group>"; };
		34C1F09825AC9EA300BD6C63 /* SectionHeaders.fountain */ = {isa = PBXFileReference; fileEncoding = 4; lastKnownFileType = text; path = SectionHeaders.fountain; sourceTree = "<group>"; };
		34C1F09925AC9EA300BD6C63 /* Transitions.fountain */ = {isa = PBXFileReference; fileEncoding = 4; lastKnownFileType = text; path = Transitions.fountain; sourceTree = "<group>"; };
		34C1F09A25AC9EA300BD6C63 /* PageBreaks.fountain */ = {isa = PBXFileReference; fileEncoding = 4; lastKnownFileType = text; path = PageBreaks.fountain; sourceTree = "<group>"; };
		34C1F09B25AC9EA300BD6C63 /* Notes.fountain */ = {isa = PBXFileReference; fileEncoding = 4; lastKnownFileType = text; path = Notes.fountain; sourceTree = "<group>"; };
		34C1F09C25AC9EA300BD6C63 /* ForcedElements.fountain */ = {isa = PBXFileReference; fileEncoding = 4; lastKnownFileType = text; path = ForcedElements.fountain; sourceTree = "<group>"; };
		34C1F09D25AC9EA300BD6C63 /* CenteredText.fountain */ = {isa = PBXFileReference; fileEncoding = 4; lastKnownFileType = text; path = CenteredText.fountain; sourceTree = "<group>"; };
		34C1F09E25AC9EA300BD6C63 /* Boneyard.fountain */ = {isa = PBXFileReference; fileEncoding = 4; lastKnownFileType = text; path = Boneyard.fountain; sourceTree = "<group>"; };
		34C1F09F25AC9EA300BD6C63 /* Synopses.fountain */ = {isa = PBXFileReference; fileEncoding = 4; lastKnownFileType = text; path = Synopses.fountain; sourceTree = "<group>"; };
		34C1F0A025AC9EA400BD6C63 /* Dialogue.fountain */ = {isa = PBXFileReference; fileEncoding = 4; lastKnownFileType = text; path = Dialogue.fountain; sourceTree = "<group>"; };
		34C1F0A225AC9EA400BD6C63 /* DualDialogue.fountain */ = {isa = PBXFileReference; fileEncoding = 4; lastKnownFileType = text; path = DualDialogue.fountain; sourceTree = "<group>"; };
		34C1F0A325AC9EA400BD6C63 /* SceneNumbers.fountain */ = {isa = PBXFileReference; fileEncoding = 4; lastKnownFileType = text; path = SceneNumbers.fountain; sourceTree = "<group>"; };
		34C1F0A425AC9EA400BD6C63 /* SceneHeaders.fountain */ = {isa = PBXFileReference; fileEncoding = 4; lastKnownFileType = text; path = SceneHeaders.fountain; sourceTree = "<group>"; };
		34C1F0A525AC9EA400BD6C63 /* Indenting.fountain */ = {isa = PBXFileReference; fileEncoding = 4; lastKnownFileType = text; path = Indenting.fountain; sourceTree = "<group>"; };
		34C1F0D225AC9F8A00BD6C63 /* SceneHeaderTests.swift */ = {isa = PBXFileReference; lastKnownFileType = sourcecode.swift; path = SceneHeaderTests.swift; sourceTree = "<group>"; };
		34C1F0DD25ACA62000BD6C63 /* CenteredTests.swift */ = {isa = PBXFileReference; fileEncoding = 4; lastKnownFileType = sourcecode.swift; path = CenteredTests.swift; sourceTree = "<group>"; };
		34C1F0DE25ACA62000BD6C63 /* NoteTests.swift */ = {isa = PBXFileReference; fileEncoding = 4; lastKnownFileType = sourcecode.swift; path = NoteTests.swift; sourceTree = "<group>"; };
		34C1F0DF25ACA62000BD6C63 /* SectionAndSynopsisTests.swift */ = {isa = PBXFileReference; fileEncoding = 4; lastKnownFileType = sourcecode.swift; path = SectionAndSynopsisTests.swift; sourceTree = "<group>"; };
		34C1F0E025ACA62100BD6C63 /* SynopsisTests.swift */ = {isa = PBXFileReference; fileEncoding = 4; lastKnownFileType = sourcecode.swift; path = SynopsisTests.swift; sourceTree = "<group>"; };
		34C1F0E125ACA62100BD6C63 /* SceneNumberTests.swift */ = {isa = PBXFileReference; fileEncoding = 4; lastKnownFileType = sourcecode.swift; path = SceneNumberTests.swift; sourceTree = "<group>"; };
		34C1F0E225ACA62100BD6C63 /* IndentingTests.swift */ = {isa = PBXFileReference; fileEncoding = 4; lastKnownFileType = sourcecode.swift; path = IndentingTests.swift; sourceTree = "<group>"; };
		34C1F0E325ACA62100BD6C63 /* DialogueTests.swift */ = {isa = PBXFileReference; fileEncoding = 4; lastKnownFileType = sourcecode.swift; path = DialogueTests.swift; sourceTree = "<group>"; };
		34C1F0E425ACA62100BD6C63 /* BoneyardTests.swift */ = {isa = PBXFileReference; fileEncoding = 4; lastKnownFileType = sourcecode.swift; path = BoneyardTests.swift; sourceTree = "<group>"; };
		34C1F0E525ACA62100BD6C63 /* SectionHeaderTests.swift */ = {isa = PBXFileReference; fileEncoding = 4; lastKnownFileType = sourcecode.swift; path = SectionHeaderTests.swift; sourceTree = "<group>"; };
		34C1F0E625ACA62100BD6C63 /* TransitionTests.swift */ = {isa = PBXFileReference; fileEncoding = 4; lastKnownFileType = sourcecode.swift; path = TransitionTests.swift; sourceTree = "<group>"; };
		34C1F0E725ACA62100BD6C63 /* ForcedElementTests.swift */ = {isa = PBXFileReference; fileEncoding = 4; lastKnownFileType = sourcecode.swift; path = ForcedElementTests.swift; sourceTree = "<group>"; };
		34C1F0E825ACA62100BD6C63 /* PageBreakTests.swift */ = {isa = PBXFileReference; fileEncoding = 4; lastKnownFileType = sourcecode.swift; path = PageBreakTests.swift; sourceTree = "<group>"; };
		34C1F13925ACAFEF00BD6C63 /* Sections-Complex.fountain */ = {isa = PBXFileReference; fileEncoding = 4; lastKnownFileType = text; path = "Sections-Complex.fountain"; sourceTree = "<group>"; };
		34C1F13A25ACAFEF00BD6C63 /* Simple.fountain */ = {isa = PBXFileReference; fileEncoding = 4; lastKnownFileType = text; path = Simple.fountain; sourceTree = "<group>"; };
/* End PBXFileReference section */

/* Begin PBXFrameworksBuildPhase section */
		34C1EFBB25ABC43F00BD6C63 /* Frameworks */ = {
			isa = PBXFrameworksBuildPhase;
			buildActionMask = 2147483647;
			files = (
			);
			runOnlyForDeploymentPostprocessing = 0;
		};
		34C1EFC325ABC43F00BD6C63 /* Frameworks */ = {
			isa = PBXFrameworksBuildPhase;
			buildActionMask = 2147483647;
			files = (
			);
			runOnlyForDeploymentPostprocessing = 0;
		};
		34C1EFCB25ABC43F00BD6C63 /* Frameworks */ = {
			isa = PBXFrameworksBuildPhase;
			buildActionMask = 2147483647;
			files = (
			);
			runOnlyForDeploymentPostprocessing = 0;
		};
		34C1EFD625ABC43F00BD6C63 /* Frameworks */ = {
			isa = PBXFrameworksBuildPhase;
			buildActionMask = 2147483647;
			files = (
			);
			runOnlyForDeploymentPostprocessing = 0;
		};
/* End PBXFrameworksBuildPhase section */

/* Begin PBXGroup section */
		345848DD25ACD13B001970FB /* FountainSwift */ = {
			isa = PBXGroup;
			children = (
				34C1F00125ABC5DE00BD6C63 /* FNScript.swift */,
				34C1F03225ABC81800BD6C63 /* FNElement.swift */,
				34C1F04425ABC9FD00BD6C63 /* FastFountainParser.swift */,
				34C1F04D25AC72B900BD6C63 /* Regex.swift */,
			);
			path = FountainSwift;
			sourceTree = "<group>";
		};
		34C1EFB125ABC43C00BD6C63 = {
			isa = PBXGroup;
			children = (
				34C1EFF925ABC52D00BD6C63 /* Package.swift */,
				34C1EFFA25ABC53800BD6C63 /* README.md */,
				34C1EFFB25ABC56900BD6C63 /* LICENSE */,
				34C1F00025ABC5B300BD6C63 /* Sources */,
				34C1EFB625ABC43C00BD6C63 /* Shared */,
				34C1EFC025ABC43F00BD6C63 /* iOS */,
				34C1EFC725ABC43F00BD6C63 /* macOS */,
				34C1F01025ABC61A00BD6C63 /* Tests Shared */,
				34C1EFD125ABC43F00BD6C63 /* Tests iOS */,
				34C1EFDC25ABC43F00BD6C63 /* Tests macOS */,
				34C1EFBF25ABC43F00BD6C63 /* Products */,
			);
			sourceTree = "<group>";
		};
		34C1EFB625ABC43C00BD6C63 /* Shared */ = {
			isa = PBXGroup;
			children = (
				34C1EFB725ABC43C00BD6C63 /* FountainSwiftApp.swift */,
				34C1EFB825ABC43C00BD6C63 /* ContentView.swift */,
				34C1EFB925ABC43F00BD6C63 /* Assets.xcassets */,
			);
			path = Shared;
			sourceTree = "<group>";
		};
		34C1EFBF25ABC43F00BD6C63 /* Products */ = {
			isa = PBXGroup;
			children = (
				34C1EFBE25ABC43F00BD6C63 /* FountainSwift.app */,
				34C1EFC625ABC43F00BD6C63 /* FountainSwift.app */,
				34C1EFCE25ABC43F00BD6C63 /* Tests iOS.xctest */,
				34C1EFD925ABC43F00BD6C63 /* Tests macOS.xctest */,
			);
			name = Products;
			sourceTree = "<group>";
		};
		34C1EFC025ABC43F00BD6C63 /* iOS */ = {
			isa = PBXGroup;
			children = (
				34C1EFC125ABC43F00BD6C63 /* Info.plist */,
			);
			path = iOS;
			sourceTree = "<group>";
		};
		34C1EFC725ABC43F00BD6C63 /* macOS */ = {
			isa = PBXGroup;
			children = (
				34C1EFC825ABC43F00BD6C63 /* Info.plist */,
				34C1EFC925ABC43F00BD6C63 /* macOS.entitlements */,
			);
			path = macOS;
			sourceTree = "<group>";
		};
		34C1EFD125ABC43F00BD6C63 /* Tests iOS */ = {
			isa = PBXGroup;
			children = (
				34C1EFD225ABC43F00BD6C63 /* Tests_iOS.swift */,
				34C1EFD425ABC43F00BD6C63 /* Info.plist */,
			);
			path = "Tests iOS";
			sourceTree = "<group>";
		};
		34C1EFDC25ABC43F00BD6C63 /* Tests macOS */ = {
			isa = PBXGroup;
			children = (
				34C1EFDD25ABC43F00BD6C63 /* Tests_macOS.swift */,
				34C1EFDF25ABC43F00BD6C63 /* Info.plist */,
			);
			path = "Tests macOS";
			sourceTree = "<group>";
		};
		34C1F00025ABC5B300BD6C63 /* Sources */ = {
			isa = PBXGroup;
			children = (
				345848DD25ACD13B001970FB /* FountainSwift */,
			);
			path = Sources;
			sourceTree = "<group>";
		};
		34C1F01025ABC61A00BD6C63 /* Tests Shared */ = {
			isa = PBXGroup;
			children = (
				34C1F07425AC9A6500BD6C63 /* Document Tests */,
				34C1F07525AC9A7000BD6C63 /* Element Tests */,
				34C1F01C25ABC65E00BD6C63 /* Test Files */,
			);
			path = "Tests Shared";
			sourceTree = "<group>";
		};
		34C1F01C25ABC65E00BD6C63 /* Test Files */ = {
			isa = PBXGroup;
			children = (
				34C1F08C25AC9E4000BD6C63 /* Element specific */,
				34C1F01D25ABC67700BD6C63 /* Big Fish.fountain */,
				34C1F06725AC820200BD6C63 /* Brick And Steel.txt */,
				34C1F13925ACAFEF00BD6C63 /* Sections-Complex.fountain */,
				34C1F13A25ACAFEF00BD6C63 /* Simple.fountain */,
			);
			path = "Test Files";
			sourceTree = "<group>";
		};
		34C1F07425AC9A6500BD6C63 /* Document Tests */ = {
			isa = PBXGroup;
			children = (
				34C1F01125ABC64600BD6C63 /* BigFishTests.swift */,
				34C1F05625AC7ED800BD6C63 /* BrickAndSteelTests.swift */,
			);
			path = "Document Tests";
			sourceTree = "<group>";
		};
		34C1F07525AC9A7000BD6C63 /* Element Tests */ = {
			isa = PBXGroup;
			children = (
				34C1F08125AC9AFB00BD6C63 /* BaseElementTests.swift */,
				34C1F0E425ACA62100BD6C63 /* BoneyardTests.swift */,
				34C1F0DD25ACA62000BD6C63 /* CenteredTests.swift */,
				34C1F0E325ACA62100BD6C63 /* DialogueTests.swift */,
				34C1F0E725ACA62100BD6C63 /* ForcedElementTests.swift */,
				34C1F0E225ACA62100BD6C63 /* IndentingTests.swift */,
				34C1F07625AC9A8E00BD6C63 /* MultilineActionTests.swift */,
				34C1F0DE25ACA62000BD6C63 /* NoteTests.swift */,
				34C1F0E825ACA62100BD6C63 /* PageBreakTests.swift */,
				34C1F0D225AC9F8A00BD6C63 /* SceneHeaderTests.swift */,
				34C1F0E125ACA62100BD6C63 /* SceneNumberTests.swift */,
				34C1F0DF25ACA62000BD6C63 /* SectionAndSynopsisTests.swift */,
				34C1F0E525ACA62100BD6C63 /* SectionHeaderTests.swift */,
				34C1F0E025ACA62100BD6C63 /* SynopsisTests.swift */,
				34C1F0E625ACA62100BD6C63 /* TransitionTests.swift */,
			);
			path = "Element Tests";
			sourceTree = "<group>";
		};
		34C1F08C25AC9E4000BD6C63 /* Element specific */ = {
			isa = PBXGroup;
			children = (
				34C1F09E25AC9EA300BD6C63 /* Boneyard.fountain */,
				34C1F09D25AC9EA300BD6C63 /* CenteredText.fountain */,
				34C1F0A025AC9EA400BD6C63 /* Dialogue.fountain */,
				34C1F0A225AC9EA400BD6C63 /* DualDialogue.fountain */,
				34C1F09C25AC9EA300BD6C63 /* ForcedElements.fountain */,
				34C1F0A525AC9EA400BD6C63 /* Indenting.fountain */,
				34C1F08D25AC9E4D00BD6C63 /* MultilineAction.fountain */,
				34C1F09B25AC9EA300BD6C63 /* Notes.fountain */,
				34C1F09A25AC9EA300BD6C63 /* PageBreaks.fountain */,
				34C1F0A425AC9EA400BD6C63 /* SceneHeaders.fountain */,
				34C1F0A325AC9EA400BD6C63 /* SceneNumbers.fountain */,
				34C1F09825AC9EA300BD6C63 /* SectionHeaders.fountain */,
				34C1F09F25AC9EA300BD6C63 /* Synopses.fountain */,
				34C1F09925AC9EA300BD6C63 /* Transitions.fountain */,
			);
			path = "Element specific";
			sourceTree = "<group>";
		};
/* End PBXGroup section */

/* Begin PBXNativeTarget section */
		34C1EFBD25ABC43F00BD6C63 /* FountainSwift (iOS) */ = {
			isa = PBXNativeTarget;
			buildConfigurationList = 34C1EFE825ABC43F00BD6C63 /* Build configuration list for PBXNativeTarget "FountainSwift (iOS)" */;
			buildPhases = (
				34C1EFBA25ABC43F00BD6C63 /* Sources */,
				34C1EFBB25ABC43F00BD6C63 /* Frameworks */,
				34C1EFBC25ABC43F00BD6C63 /* Resources */,
			);
			buildRules = (
			);
			dependencies = (
			);
			name = "FountainSwift (iOS)";
			productName = "FountainSwift (iOS)";
			productReference = 34C1EFBE25ABC43F00BD6C63 /* FountainSwift.app */;
			productType = "com.apple.product-type.application";
		};
		34C1EFC525ABC43F00BD6C63 /* FountainSwift (macOS) */ = {
			isa = PBXNativeTarget;
			buildConfigurationList = 34C1EFEB25ABC43F00BD6C63 /* Build configuration list for PBXNativeTarget "FountainSwift (macOS)" */;
			buildPhases = (
				34C1EFC225ABC43F00BD6C63 /* Sources */,
				34C1EFC325ABC43F00BD6C63 /* Frameworks */,
				34C1EFC425ABC43F00BD6C63 /* Resources */,
			);
			buildRules = (
			);
			dependencies = (
			);
			name = "FountainSwift (macOS)";
			productName = "FountainSwift (macOS)";
			productReference = 34C1EFC625ABC43F00BD6C63 /* FountainSwift.app */;
			productType = "com.apple.product-type.application";
		};
		34C1EFCD25ABC43F00BD6C63 /* Tests iOS */ = {
			isa = PBXNativeTarget;
			buildConfigurationList = 34C1EFEE25ABC43F00BD6C63 /* Build configuration list for PBXNativeTarget "Tests iOS" */;
			buildPhases = (
				34C1EFCA25ABC43F00BD6C63 /* Sources */,
				34C1EFCB25ABC43F00BD6C63 /* Frameworks */,
				34C1EFCC25ABC43F00BD6C63 /* Resources */,
			);
			buildRules = (
			);
			dependencies = (
				34C1EFD025ABC43F00BD6C63 /* PBXTargetDependency */,
			);
			name = "Tests iOS";
			productName = "Tests iOS";
			productReference = 34C1EFCE25ABC43F00BD6C63 /* Tests iOS.xctest */;
			productType = "com.apple.product-type.bundle.ui-testing";
		};
		34C1EFD825ABC43F00BD6C63 /* Tests macOS */ = {
			isa = PBXNativeTarget;
			buildConfigurationList = 34C1EFF125ABC43F00BD6C63 /* Build configuration list for PBXNativeTarget "Tests macOS" */;
			buildPhases = (
				34C1EFD525ABC43F00BD6C63 /* Sources */,
				34C1EFD625ABC43F00BD6C63 /* Frameworks */,
				34C1EFD725ABC43F00BD6C63 /* Resources */,
			);
			buildRules = (
			);
			dependencies = (
				34C1EFDB25ABC43F00BD6C63 /* PBXTargetDependency */,
			);
			name = "Tests macOS";
			productName = "Tests macOS";
			productReference = 34C1EFD925ABC43F00BD6C63 /* Tests macOS.xctest */;
			productType = "com.apple.product-type.bundle.ui-testing";
		};
/* End PBXNativeTarget section */

/* Begin PBXProject section */
		34C1EFB225ABC43C00BD6C63 /* Project object */ = {
			isa = PBXProject;
			attributes = {
				LastSwiftUpdateCheck = 1230;
				LastUpgradeCheck = 1230;
				TargetAttributes = {
					34C1EFBD25ABC43F00BD6C63 = {
						CreatedOnToolsVersion = 12.3;
					};
					34C1EFC525ABC43F00BD6C63 = {
						CreatedOnToolsVersion = 12.3;
					};
					34C1EFCD25ABC43F00BD6C63 = {
						CreatedOnToolsVersion = 12.3;
						LastSwiftMigration = 1230;
						TestTargetID = 34C1EFBD25ABC43F00BD6C63;
					};
					34C1EFD825ABC43F00BD6C63 = {
						CreatedOnToolsVersion = 12.3;
						LastSwiftMigration = 1230;
						TestTargetID = 34C1EFC525ABC43F00BD6C63;
					};
				};
			};
			buildConfigurationList = 34C1EFB525ABC43C00BD6C63 /* Build configuration list for PBXProject "FountainSwift" */;
			compatibilityVersion = "Xcode 9.3";
			developmentRegion = en;
			hasScannedForEncodings = 0;
			knownRegions = (
				en,
				Base,
			);
			mainGroup = 34C1EFB125ABC43C00BD6C63;
			productRefGroup = 34C1EFBF25ABC43F00BD6C63 /* Products */;
			projectDirPath = "";
			projectRoot = "";
			targets = (
				34C1EFBD25ABC43F00BD6C63 /* FountainSwift (iOS) */,
				34C1EFC525ABC43F00BD6C63 /* FountainSwift (macOS) */,
				34C1EFCD25ABC43F00BD6C63 /* Tests iOS */,
				34C1EFD825ABC43F00BD6C63 /* Tests macOS */,
			);
		};
/* End PBXProject section */

/* Begin PBXResourcesBuildPhase section */
		34C1EFBC25ABC43F00BD6C63 /* Resources */ = {
			isa = PBXResourcesBuildPhase;
			buildActionMask = 2147483647;
			files = (
				34C1F06825AC820200BD6C63 /* Brick And Steel.txt in Resources */,
				34C1EFE425ABC43F00BD6C63 /* Assets.xcassets in Resources */,
			);
			runOnlyForDeploymentPostprocessing = 0;
		};
		34C1EFC425ABC43F00BD6C63 /* Resources */ = {
			isa = PBXResourcesBuildPhase;
			buildActionMask = 2147483647;
			files = (
				34C1F06925AC820200BD6C63 /* Brick And Steel.txt in Resources */,
				34C1EFE525ABC43F00BD6C63 /* Assets.xcassets in Resources */,
			);
			runOnlyForDeploymentPostprocessing = 0;
		};
		34C1EFCC25ABC43F00BD6C63 /* Resources */ = {
			isa = PBXResourcesBuildPhase;
			buildActionMask = 2147483647;
			files = (
				34C1F0C025AC9EA400BD6C63 /* Indenting.fountain in Resources */,
				34C1F0BE25AC9EA400BD6C63 /* SceneHeaders.fountain in Resources */,
				34C1F06A25AC820200BD6C63 /* Brick And Steel.txt in Resources */,
				34C1F0AE25AC9EA400BD6C63 /* ForcedElements.fountain in Resources */,
				34C1F01E25ABC67700BD6C63 /* Big Fish.fountain in Resources */,
				34C1F0AA25AC9EA400BD6C63 /* PageBreaks.fountain in Resources */,
				34C1F0AC25AC9EA400BD6C63 /* Notes.fountain in Resources */,
				34C1F0B625AC9EA400BD6C63 /* Dialogue.fountain in Resources */,
				34C1F0A825AC9EA400BD6C63 /* Transitions.fountain in Resources */,
				34C1F13D25ACAFEF00BD6C63 /* Simple.fountain in Resources */,
				34C1F0A625AC9EA400BD6C63 /* SectionHeaders.fountain in Resources */,
				34C1F13B25ACAFEF00BD6C63 /* Sections-Complex.fountain in Resources */,
				34C1F0B425AC9EA400BD6C63 /* Synopses.fountain in Resources */,
				34C1F0B025AC9EA400BD6C63 /* CenteredText.fountain in Resources */,
				34C1F0BA25AC9EA400BD6C63 /* DualDialogue.fountain in Resources */,
				34C1F08E25AC9E4D00BD6C63 /* MultilineAction.fountain in Resources */,
				34C1F0BC25AC9EA400BD6C63 /* SceneNumbers.fountain in Resources */,
				34C1F0B225AC9EA400BD6C63 /* Boneyard.fountain in Resources */,
			);
			runOnlyForDeploymentPostprocessing = 0;
		};
		34C1EFD725ABC43F00BD6C63 /* Resources */ = {
			isa = PBXResourcesBuildPhase;
			buildActionMask = 2147483647;
			files = (
				34C1F0C125AC9EA400BD6C63 /* Indenting.fountain in Resources */,
				34C1F0BF25AC9EA400BD6C63 /* SceneHeaders.fountain in Resources */,
				34C1F06B25AC820200BD6C63 /* Brick And Steel.txt in Resources */,
				34C1F0AF25AC9EA400BD6C63 /* ForcedElements.fountain in Resources */,
				34C1F01F25ABC67700BD6C63 /* Big Fish.fountain in Resources */,
				34C1F0AB25AC9EA400BD6C63 /* PageBreaks.fountain in Resources */,
				34C1F0AD25AC9EA400BD6C63 /* Notes.fountain in Resources */,
				34C1F0B725AC9EA400BD6C63 /* Dialogue.fountain in Resources */,
				34C1F0A925AC9EA400BD6C63 /* Transitions.fountain in Resources */,
				34C1F13E25ACAFEF00BD6C63 /* Simple.fountain in Resources */,
				34C1F0A725AC9EA400BD6C63 /* SectionHeaders.fountain in Resources */,
				34C1F13C25ACAFEF00BD6C63 /* Sections-Complex.fountain in Resources */,
				34C1F0B525AC9EA400BD6C63 /* Synopses.fountain in Resources */,
				34C1F0B125AC9EA400BD6C63 /* CenteredText.fountain in Resources */,
				34C1F0BB25AC9EA400BD6C63 /* DualDialogue.fountain in Resources */,
				34C1F08F25AC9E4D00BD6C63 /* MultilineAction.fountain in Resources */,
				34C1F0BD25AC9EA400BD6C63 /* SceneNumbers.fountain in Resources */,
				34C1F0B325AC9EA400BD6C63 /* Boneyard.fountain in Resources */,
			);
			runOnlyForDeploymentPostprocessing = 0;
		};
/* End PBXResourcesBuildPhase section */

/* Begin PBXSourcesBuildPhase section */
		34C1EFBA25ABC43F00BD6C63 /* Sources */ = {
			isa = PBXSourcesBuildPhase;
			buildActionMask = 2147483647;
			files = (
				34C1F04525ABC9FD00BD6C63 /* FastFountainParser.swift in Sources */,
				34C1F03325ABC81800BD6C63 /* FNElement.swift in Sources */,
				34C1EFE225ABC43F00BD6C63 /* ContentView.swift in Sources */,
				34C1F00225ABC5DE00BD6C63 /* FNScript.swift in Sources */,
				34C1EFE025ABC43F00BD6C63 /* FountainSwiftApp.swift in Sources */,
				34C1F04E25AC72B900BD6C63 /* Regex.swift in Sources */,
			);
			runOnlyForDeploymentPostprocessing = 0;
		};
		34C1EFC225ABC43F00BD6C63 /* Sources */ = {
			isa = PBXSourcesBuildPhase;
			buildActionMask = 2147483647;
			files = (
				34C1F04625ABC9FD00BD6C63 /* FastFountainParser.swift in Sources */,
				34C1F03425ABC81800BD6C63 /* FNElement.swift in Sources */,
				34C1EFE325ABC43F00BD6C63 /* ContentView.swift in Sources */,
				34C1F00B25ABC5E200BD6C63 /* FNScript.swift in Sources */,
				34C1EFE125ABC43F00BD6C63 /* FountainSwiftApp.swift in Sources */,
				34C1F04F25AC72B900BD6C63 /* Regex.swift in Sources */,
			);
			runOnlyForDeploymentPostprocessing = 0;
		};
		34C1EFCA25ABC43F00BD6C63 /* Sources */ = {
			isa = PBXSourcesBuildPhase;
			buildActionMask = 2147483647;
			files = (
				34C1F0FF25ACA62100BD6C63 /* PageBreakTests.swift in Sources */,
				34C1F04725ABC9FD00BD6C63 /* FastFountainParser.swift in Sources */,
				34C1F0D325AC9F8A00BD6C63 /* SceneHeaderTests.swift in Sources */,
				34C1F07725AC9A8E00BD6C63 /* MultilineActionTests.swift in Sources */,
				34C1F0EB25ACA62100BD6C63 /* NoteTests.swift in Sources */,
				34C1F05925AC7ED800BD6C63 /* BrickAndSteelTests.swift in Sources */,
				34C1F0F125ACA62100BD6C63 /* SceneNumberTests.swift in Sources */,
				34C1F0ED25ACA62100BD6C63 /* SectionAndSynopsisTests.swift in Sources */,
				34C1F0F725ACA62100BD6C63 /* BoneyardTests.swift in Sources */,
				34C1F0FD25ACA62100BD6C63 /* ForcedElementTests.swift in Sources */,
				34C1F03525ABC81800BD6C63 /* FNElement.swift in Sources */,
				34C1F0F525ACA62100BD6C63 /* DialogueTests.swift in Sources */,
				34C1F01225ABC64600BD6C63 /* BigFishTests.swift in Sources */,
				34C1F02825ABC6DC00BD6C63 /* FNScript.swift in Sources */,
				34C1EFD325ABC43F00BD6C63 /* Tests_iOS.swift in Sources */,
				34C1F08225AC9AFB00BD6C63 /* BaseElementTests.swift in Sources */,
				34C1F05025AC72B900BD6C63 /* Regex.swift in Sources */,
				34C1F0F925ACA62100BD6C63 /* SectionHeaderTests.swift in Sources */,
				34C1F0E925ACA62100BD6C63 /* CenteredTests.swift in Sources */,
				34C1F0F325ACA62100BD6C63 /* IndentingTests.swift in Sources */,
				34C1F0FB25ACA62100BD6C63 /* TransitionTests.swift in Sources */,
				34C1F0EF25ACA62100BD6C63 /* SynopsisTests.swift in Sources */,
			);
			runOnlyForDeploymentPostprocessing = 0;
		};
		34C1EFD525ABC43F00BD6C63 /* Sources */ = {
			isa = PBXSourcesBuildPhase;
			buildActionMask = 2147483647;
			files = (
				34C1F10025ACA62100BD6C63 /* PageBreakTests.swift in Sources */,
				34C1F04825ABC9FD00BD6C63 /* FastFountainParser.swift in Sources */,
				34C1F0D425AC9F8A00BD6C63 /* SceneHeaderTests.swift in Sources */,
				34C1F07825AC9A8E00BD6C63 /* MultilineActionTests.swift in Sources */,
				34C1F0EC25ACA62100BD6C63 /* NoteTests.swift in Sources */,
				34C1F05A25AC7ED800BD6C63 /* BrickAndSteelTests.swift in Sources */,
				34C1F0F225ACA62100BD6C63 /* SceneNumberTests.swift in Sources */,
				34C1F0EE25ACA62100BD6C63 /* SectionAndSynopsisTests.swift in Sources */,
				34C1F0F825ACA62100BD6C63 /* BoneyardTests.swift in Sources */,
				34C1F0FE25ACA62100BD6C63 /* ForcedElementTests.swift in Sources */,
				34C1F03F25ABC81F00BD6C63 /* FNElement.swift in Sources */,
				34C1F0F625ACA62100BD6C63 /* DialogueTests.swift in Sources */,
				34C1F01325ABC64600BD6C63 /* BigFishTests.swift in Sources */,
				34C1F02D25ABC6DC00BD6C63 /* FNScript.swift in Sources */,
				34C1EFDE25ABC43F00BD6C63 /* Tests_macOS.swift in Sources */,
				34C1F08325AC9AFB00BD6C63 /* BaseElementTests.swift in Sources */,
				34C1F05125AC72B900BD6C63 /* Regex.swift in Sources */,
				34C1F0FA25ACA62100BD6C63 /* SectionHeaderTests.swift in Sources */,
				34C1F0EA25ACA62100BD6C63 /* CenteredTests.swift in Sources */,
				34C1F0F425ACA62100BD6C63 /* IndentingTests.swift in Sources */,
				34C1F0FC25ACA62100BD6C63 /* TransitionTests.swift in Sources */,
				34C1F0F025ACA62100BD6C63 /* SynopsisTests.swift in Sources */,
			);
			runOnlyForDeploymentPostprocessing = 0;
		};
/* End PBXSourcesBuildPhase section */

/* Begin PBXTargetDependency section */
		34C1EFD025ABC43F00BD6C63 /* PBXTargetDependency */ = {
			isa = PBXTargetDependency;
			target = 34C1EFBD25ABC43F00BD6C63 /* FountainSwift (iOS) */;
			targetProxy = 34C1EFCF25ABC43F00BD6C63 /* PBXContainerItemProxy */;
		};
		34C1EFDB25ABC43F00BD6C63 /* PBXTargetDependency */ = {
			isa = PBXTargetDependency;
			target = 34C1EFC525ABC43F00BD6C63 /* FountainSwift (macOS) */;
			targetProxy = 34C1EFDA25ABC43F00BD6C63 /* PBXContainerItemProxy */;
		};
/* End PBXTargetDependency section */

/* Begin XCBuildConfiguration section */
		34C1EFE625ABC43F00BD6C63 /* Debug */ = {
			isa = XCBuildConfiguration;
			buildSettings = {
				ALWAYS_SEARCH_USER_PATHS = NO;
				CLANG_ANALYZER_NONNULL = YES;
				CLANG_ANALYZER_NUMBER_OBJECT_CONVERSION = YES_AGGRESSIVE;
				CLANG_CXX_LANGUAGE_STANDARD = "gnu++14";
				CLANG_CXX_LIBRARY = "libc++";
				CLANG_ENABLE_MODULES = YES;
				CLANG_ENABLE_OBJC_ARC = YES;
				CLANG_ENABLE_OBJC_WEAK = YES;
				CLANG_WARN_BLOCK_CAPTURE_AUTORELEASING = YES;
				CLANG_WARN_BOOL_CONVERSION = YES;
				CLANG_WARN_COMMA = YES;
				CLANG_WARN_CONSTANT_CONVERSION = YES;
				CLANG_WARN_DEPRECATED_OBJC_IMPLEMENTATIONS = YES;
				CLANG_WARN_DIRECT_OBJC_ISA_USAGE = YES_ERROR;
				CLANG_WARN_DOCUMENTATION_COMMENTS = YES;
				CLANG_WARN_EMPTY_BODY = YES;
				CLANG_WARN_ENUM_CONVERSION = YES;
				CLANG_WARN_INFINITE_RECURSION = YES;
				CLANG_WARN_INT_CONVERSION = YES;
				CLANG_WARN_NON_LITERAL_NULL_CONVERSION = YES;
				CLANG_WARN_OBJC_IMPLICIT_RETAIN_SELF = YES;
				CLANG_WARN_OBJC_LITERAL_CONVERSION = YES;
				CLANG_WARN_OBJC_ROOT_CLASS = YES_ERROR;
				CLANG_WARN_QUOTED_INCLUDE_IN_FRAMEWORK_HEADER = YES;
				CLANG_WARN_RANGE_LOOP_ANALYSIS = YES;
				CLANG_WARN_STRICT_PROTOTYPES = YES;
				CLANG_WARN_SUSPICIOUS_MOVE = YES;
				CLANG_WARN_UNGUARDED_AVAILABILITY = YES_AGGRESSIVE;
				CLANG_WARN_UNREACHABLE_CODE = YES;
				CLANG_WARN__DUPLICATE_METHOD_MATCH = YES;
				COPY_PHASE_STRIP = NO;
				DEBUG_INFORMATION_FORMAT = dwarf;
				ENABLE_STRICT_OBJC_MSGSEND = YES;
				ENABLE_TESTABILITY = YES;
				GCC_C_LANGUAGE_STANDARD = gnu11;
				GCC_DYNAMIC_NO_PIC = NO;
				GCC_NO_COMMON_BLOCKS = YES;
				GCC_OPTIMIZATION_LEVEL = 0;
				GCC_PREPROCESSOR_DEFINITIONS = (
					"DEBUG=1",
					"$(inherited)",
				);
				GCC_WARN_64_TO_32_BIT_CONVERSION = YES;
				GCC_WARN_ABOUT_RETURN_TYPE = YES_ERROR;
				GCC_WARN_UNDECLARED_SELECTOR = YES;
				GCC_WARN_UNINITIALIZED_AUTOS = YES_AGGRESSIVE;
				GCC_WARN_UNUSED_FUNCTION = YES;
				GCC_WARN_UNUSED_VARIABLE = YES;
				MTL_ENABLE_DEBUG_INFO = INCLUDE_SOURCE;
				MTL_FAST_MATH = YES;
				ONLY_ACTIVE_ARCH = YES;
				SWIFT_ACTIVE_COMPILATION_CONDITIONS = DEBUG;
				SWIFT_OPTIMIZATION_LEVEL = "-Onone";
			};
			name = Debug;
		};
		34C1EFE725ABC43F00BD6C63 /* Release */ = {
			isa = XCBuildConfiguration;
			buildSettings = {
				ALWAYS_SEARCH_USER_PATHS = NO;
				CLANG_ANALYZER_NONNULL = YES;
				CLANG_ANALYZER_NUMBER_OBJECT_CONVERSION = YES_AGGRESSIVE;
				CLANG_CXX_LANGUAGE_STANDARD = "gnu++14";
				CLANG_CXX_LIBRARY = "libc++";
				CLANG_ENABLE_MODULES = YES;
				CLANG_ENABLE_OBJC_ARC = YES;
				CLANG_ENABLE_OBJC_WEAK = YES;
				CLANG_WARN_BLOCK_CAPTURE_AUTORELEASING = YES;
				CLANG_WARN_BOOL_CONVERSION = YES;
				CLANG_WARN_COMMA = YES;
				CLANG_WARN_CONSTANT_CONVERSION = YES;
				CLANG_WARN_DEPRECATED_OBJC_IMPLEMENTATIONS = YES;
				CLANG_WARN_DIRECT_OBJC_ISA_USAGE = YES_ERROR;
				CLANG_WARN_DOCUMENTATION_COMMENTS = YES;
				CLANG_WARN_EMPTY_BODY = YES;
				CLANG_WARN_ENUM_CONVERSION = YES;
				CLANG_WARN_INFINITE_RECURSION = YES;
				CLANG_WARN_INT_CONVERSION = YES;
				CLANG_WARN_NON_LITERAL_NULL_CONVERSION = YES;
				CLANG_WARN_OBJC_IMPLICIT_RETAIN_SELF = YES;
				CLANG_WARN_OBJC_LITERAL_CONVERSION = YES;
				CLANG_WARN_OBJC_ROOT_CLASS = YES_ERROR;
				CLANG_WARN_QUOTED_INCLUDE_IN_FRAMEWORK_HEADER = YES;
				CLANG_WARN_RANGE_LOOP_ANALYSIS = YES;
				CLANG_WARN_STRICT_PROTOTYPES = YES;
				CLANG_WARN_SUSPICIOUS_MOVE = YES;
				CLANG_WARN_UNGUARDED_AVAILABILITY = YES_AGGRESSIVE;
				CLANG_WARN_UNREACHABLE_CODE = YES;
				CLANG_WARN__DUPLICATE_METHOD_MATCH = YES;
				COPY_PHASE_STRIP = NO;
				DEBUG_INFORMATION_FORMAT = "dwarf-with-dsym";
				ENABLE_NS_ASSERTIONS = NO;
				ENABLE_STRICT_OBJC_MSGSEND = YES;
				GCC_C_LANGUAGE_STANDARD = gnu11;
				GCC_NO_COMMON_BLOCKS = YES;
				GCC_WARN_64_TO_32_BIT_CONVERSION = YES;
				GCC_WARN_ABOUT_RETURN_TYPE = YES_ERROR;
				GCC_WARN_UNDECLARED_SELECTOR = YES;
				GCC_WARN_UNINITIALIZED_AUTOS = YES_AGGRESSIVE;
				GCC_WARN_UNUSED_FUNCTION = YES;
				GCC_WARN_UNUSED_VARIABLE = YES;
				MTL_ENABLE_DEBUG_INFO = NO;
				MTL_FAST_MATH = YES;
				SWIFT_COMPILATION_MODE = wholemodule;
				SWIFT_OPTIMIZATION_LEVEL = "-O";
			};
			name = Release;
		};
		34C1EFE925ABC43F00BD6C63 /* Debug */ = {
			isa = XCBuildConfiguration;
			buildSettings = {
				ASSETCATALOG_COMPILER_APPICON_NAME = AppIcon;
				ASSETCATALOG_COMPILER_GLOBAL_ACCENT_COLOR_NAME = AccentColor;
				CODE_SIGN_STYLE = Automatic;
				ENABLE_PREVIEWS = YES;
				INFOPLIST_FILE = iOS/Info.plist;
				IPHONEOS_DEPLOYMENT_TARGET = 14.0;
				LD_RUNPATH_SEARCH_PATHS = (
					"$(inherited)",
					"@executable_path/Frameworks",
				);
				PRODUCT_BUNDLE_IDENTIFIER = com.solfanto.FountainSwift;
				PRODUCT_NAME = FountainSwift;
				SDKROOT = iphoneos;
				SWIFT_VERSION = 5.0;
				TARGETED_DEVICE_FAMILY = "1,2";
			};
			name = Debug;
		};
		34C1EFEA25ABC43F00BD6C63 /* Release */ = {
			isa = XCBuildConfiguration;
			buildSettings = {
				ASSETCATALOG_COMPILER_APPICON_NAME = AppIcon;
				ASSETCATALOG_COMPILER_GLOBAL_ACCENT_COLOR_NAME = AccentColor;
				CODE_SIGN_STYLE = Automatic;
				ENABLE_PREVIEWS = YES;
				INFOPLIST_FILE = iOS/Info.plist;
				IPHONEOS_DEPLOYMENT_TARGET = 14.0;
				LD_RUNPATH_SEARCH_PATHS = (
					"$(inherited)",
					"@executable_path/Frameworks",
				);
				PRODUCT_BUNDLE_IDENTIFIER = com.solfanto.FountainSwift;
				PRODUCT_NAME = FountainSwift;
				SDKROOT = iphoneos;
				SWIFT_VERSION = 5.0;
				TARGETED_DEVICE_FAMILY = "1,2";
				VALIDATE_PRODUCT = YES;
			};
			name = Release;
		};
		34C1EFEC25ABC43F00BD6C63 /* Debug */ = {
			isa = XCBuildConfiguration;
			buildSettings = {
				ASSETCATALOG_COMPILER_APPICON_NAME = AppIcon;
				ASSETCATALOG_COMPILER_GLOBAL_ACCENT_COLOR_NAME = AccentColor;
				CODE_SIGN_ENTITLEMENTS = macOS/macOS.entitlements;
				CODE_SIGN_STYLE = Automatic;
				COMBINE_HIDPI_IMAGES = YES;
				ENABLE_PREVIEWS = YES;
				INFOPLIST_FILE = macOS/Info.plist;
				LD_RUNPATH_SEARCH_PATHS = (
					"$(inherited)",
					"@executable_path/../Frameworks",
				);
				MACOSX_DEPLOYMENT_TARGET = 11.0;
				PRODUCT_BUNDLE_IDENTIFIER = com.solfanto.FountainSwift;
				PRODUCT_NAME = FountainSwift;
				SDKROOT = macosx;
				SWIFT_VERSION = 5.0;
			};
			name = Debug;
		};
		34C1EFED25ABC43F00BD6C63 /* Release */ = {
			isa = XCBuildConfiguration;
			buildSettings = {
				ASSETCATALOG_COMPILER_APPICON_NAME = AppIcon;
				ASSETCATALOG_COMPILER_GLOBAL_ACCENT_COLOR_NAME = AccentColor;
				CODE_SIGN_ENTITLEMENTS = macOS/macOS.entitlements;
				CODE_SIGN_STYLE = Automatic;
				COMBINE_HIDPI_IMAGES = YES;
				ENABLE_PREVIEWS = YES;
				INFOPLIST_FILE = macOS/Info.plist;
				LD_RUNPATH_SEARCH_PATHS = (
					"$(inherited)",
					"@executable_path/../Frameworks",
				);
				MACOSX_DEPLOYMENT_TARGET = 11.0;
				PRODUCT_BUNDLE_IDENTIFIER = com.solfanto.FountainSwift;
				PRODUCT_NAME = FountainSwift;
				SDKROOT = macosx;
				SWIFT_VERSION = 5.0;
			};
			name = Release;
		};
		34C1EFEF25ABC43F00BD6C63 /* Debug */ = {
			isa = XCBuildConfiguration;
			buildSettings = {
				ALWAYS_EMBED_SWIFT_STANDARD_LIBRARIES = YES;
				CLANG_ENABLE_MODULES = YES;
				CODE_SIGN_STYLE = Automatic;
				INFOPLIST_FILE = "Tests iOS/Info.plist";
				IPHONEOS_DEPLOYMENT_TARGET = 14.3;
				LD_RUNPATH_SEARCH_PATHS = (
					"$(inherited)",
					"@executable_path/Frameworks",
					"@loader_path/Frameworks",
				);
				PRODUCT_BUNDLE_IDENTIFIER = "com.solfanto.Tests-iOS";
				PRODUCT_NAME = "$(TARGET_NAME)";
				SDKROOT = iphoneos;
				SWIFT_OPTIMIZATION_LEVEL = "-Onone";
				SWIFT_VERSION = 5.0;
				TARGETED_DEVICE_FAMILY = "1,2";
				TEST_TARGET_NAME = "FountainSwift (iOS)";
			};
			name = Debug;
		};
		34C1EFF025ABC43F00BD6C63 /* Release */ = {
			isa = XCBuildConfiguration;
			buildSettings = {
				ALWAYS_EMBED_SWIFT_STANDARD_LIBRARIES = YES;
				CLANG_ENABLE_MODULES = YES;
				CODE_SIGN_STYLE = Automatic;
				INFOPLIST_FILE = "Tests iOS/Info.plist";
				IPHONEOS_DEPLOYMENT_TARGET = 14.3;
				LD_RUNPATH_SEARCH_PATHS = (
					"$(inherited)",
					"@executable_path/Frameworks",
					"@loader_path/Frameworks",
				);
				PRODUCT_BUNDLE_IDENTIFIER = "com.solfanto.Tests-iOS";
				PRODUCT_NAME = "$(TARGET_NAME)";
				SDKROOT = iphoneos;
				SWIFT_VERSION = 5.0;
				TARGETED_DEVICE_FAMILY = "1,2";
				TEST_TARGET_NAME = "FountainSwift (iOS)";
				VALIDATE_PRODUCT = YES;
			};
			name = Release;
		};
		34C1EFF225ABC43F00BD6C63 /* Debug */ = {
			isa = XCBuildConfiguration;
			buildSettings = {
				ALWAYS_EMBED_SWIFT_STANDARD_LIBRARIES = YES;
				CLANG_ENABLE_MODULES = YES;
				CODE_SIGN_STYLE = Automatic;
				COMBINE_HIDPI_IMAGES = YES;
				INFOPLIST_FILE = "Tests macOS/Info.plist";
				LD_RUNPATH_SEARCH_PATHS = (
					"$(inherited)",
					"@executable_path/../Frameworks",
					"@loader_path/../Frameworks",
				);
				MACOSX_DEPLOYMENT_TARGET = 10.15;
				PRODUCT_BUNDLE_IDENTIFIER = "com.solfanto.Tests-macOS";
				PRODUCT_NAME = "$(TARGET_NAME)";
				SDKROOT = macosx;
				SWIFT_OPTIMIZATION_LEVEL = "-Onone";
				SWIFT_VERSION = 5.0;
				TEST_TARGET_NAME = "FountainSwift (macOS)";
			};
			name = Debug;
		};
		34C1EFF325ABC43F00BD6C63 /* Release */ = {
			isa = XCBuildConfiguration;
			buildSettings = {
				ALWAYS_EMBED_SWIFT_STANDARD_LIBRARIES = YES;
				CLANG_ENABLE_MODULES = YES;
				CODE_SIGN_STYLE = Automatic;
				COMBINE_HIDPI_IMAGES = YES;
				INFOPLIST_FILE = "Tests macOS/Info.plist";
				LD_RUNPATH_SEARCH_PATHS = (
					"$(inherited)",
					"@executable_path/../Frameworks",
					"@loader_path/../Frameworks",
				);
				MACOSX_DEPLOYMENT_TARGET = 10.15;
				PRODUCT_BUNDLE_IDENTIFIER = "com.solfanto.Tests-macOS";
				PRODUCT_NAME = "$(TARGET_NAME)";
				SDKROOT = macosx;
				SWIFT_VERSION = 5.0;
				TEST_TARGET_NAME = "FountainSwift (macOS)";
			};
			name = Release;
		};
/* End XCBuildConfiguration section */

/* Begin XCConfigurationList section */
		34C1EFB525ABC43C00BD6C63 /* Build configuration list for PBXProject "FountainSwift" */ = {
			isa = XCConfigurationList;
			buildConfigurations = (
				34C1EFE625ABC43F00BD6C63 /* Debug */,
				34C1EFE725ABC43F00BD6C63 /* Release */,
			);
			defaultConfigurationIsVisible = 0;
			defaultConfigurationName = Release;
		};
		34C1EFE825ABC43F00BD6C63 /* Build configuration list for PBXNativeTarget "FountainSwift (iOS)" */ = {
			isa = XCConfigurationList;
			buildConfigurations = (
				34C1EFE925ABC43F00BD6C63 /* Debug */,
				34C1EFEA25ABC43F00BD6C63 /* Release */,
			);
			defaultConfigurationIsVisible = 0;
			defaultConfigurationName = Release;
		};
		34C1EFEB25ABC43F00BD6C63 /* Build configuration list for PBXNativeTarget "FountainSwift (macOS)" */ = {
			isa = XCConfigurationList;
			buildConfigurations = (
				34C1EFEC25ABC43F00BD6C63 /* Debug */,
				34C1EFED25ABC43F00BD6C63 /* Release */,
			);
			defaultConfigurationIsVisible = 0;
			defaultConfigurationName = Release;
		};
		34C1EFEE25ABC43F00BD6C63 /* Build configuration list for PBXNativeTarget "Tests iOS" */ = {
			isa = XCConfigurationList;
			buildConfigurations = (
				34C1EFEF25ABC43F00BD6C63 /* Debug */,
				34C1EFF025ABC43F00BD6C63 /* Release */,
			);
			defaultConfigurationIsVisible = 0;
			defaultConfigurationName = Release;
		};
		34C1EFF125ABC43F00BD6C63 /* Build configuration list for PBXNativeTarget "Tests macOS" */ = {
			isa = XCConfigurationList;
			buildConfigurations = (
				34C1EFF225ABC43F00BD6C63 /* Debug */,
				34C1EFF325ABC43F00BD6C63 /* Release */,
			);
			defaultConfigurationIsVisible = 0;
			defaultConfigurationName = Release;
		};
/* End XCConfigurationList section */
	};
	rootObject = 34C1EFB225ABC43C00BD6C63 /* Project object */;
}
